
Microsoft Visual Studio Solution File, Format Version 12.00
# Visual Studio Version 17
VisualStudioVersion = 17.5.33516.290
MinimumVisualStudioVersion = 10.0.40219.1
Project("{FAE04EC0-301F-11D3-BF4B-00C04F79EFBC}") = "bsharp", "bsharp\bsharp.csproj", "{CAEA69E4-78EE-4DEB-BE45-6576B2CE1BA6}"
EndProject
Project("{54435603-DBB4-11D2-8724-00A0C9A8B90C}") = "setup", "setup\setup.vdproj", "{B2EF97B1-9D7E-46DC-8F9F-E048CA840506}"
EndProject
Global
	GlobalSection(SolutionConfigurationPlatforms) = preSolution
		Debug|Any CPU = Debug|Any CPU
		Release|Any CPU = Release|Any CPU
	EndGlobalSection
	GlobalSection(ProjectConfigurationPlatforms) = postSolution
		{CAEA69E4-78EE-4DEB-BE45-6576B2CE1BA6}.Debug|Any CPU.ActiveCfg = Debug|Any CPU
		{CAEA69E4-78EE-4DEB-BE45-6576B2CE1BA6}.Debug|Any CPU.Build.0 = Debug|Any CPU
		{CAEA69E4-78EE-4DEB-BE45-6576B2CE1BA6}.Release|Any CPU.ActiveCfg = Release|Any CPU
		{CAEA69E4-78EE-4DEB-BE45-6576B2CE1BA6}.Release|Any CPU.Build.0 = Release|Any CPU
		{B2EF97B1-9D7E-46DC-8F9F-E048CA840506}.Debug|Any CPU.ActiveCfg = Debug
		{B2EF97B1-9D7E-46DC-8F9F-E048CA840506}.Release|Any CPU.ActiveCfg = Release
	EndGlobalSection
	GlobalSection(SolutionProperties) = preSolution
		HideSolutionNode = FALSE
	EndGlobalSection
	GlobalSection(ExtensibilityGlobals) = postSolution
		SolutionGuid = {CF82ED7C-4F36-4205-8B65-2B79CD779568}
	EndGlobalSection
EndGlobal
